
Microsoft Visual Studio Solution File, Format Version 12.00
# Visual Studio Version 16
VisualStudioVersion = 16.0.30503.244
MinimumVisualStudioVersion = 10.0.40219.1
Project("{9A19103F-16F7-4668-BE54-9A1E7A4F7556}") = "Order.API", "Order.API\Order.API.csproj", "{E5D6F96C-9929-4F4A-B57B-5571279BAF67}"
EndProject
Project("{9A19103F-16F7-4668-BE54-9A1E7A4F7556}") = "Product.API", "Product.API\Product.API.csproj", "{9C29AD37-6FCF-46EB-9485-91F365F79732}"
EndProject
Project("{FAE04EC0-301F-11D3-BF4B-00C04F79EFBC}") = "OcelotAndConsul", "OcelotAndConsul\OcelotAndConsul.csproj", "{B7DF9357-D641-4AF8-984D-06676B101599}"
EndProject
Global
	GlobalSection(SolutionConfigurationPlatforms) = preSolution
		Debug|Any CPU = Debug|Any CPU
		Release|Any CPU = Release|Any CPU
	EndGlobalSection
	GlobalSection(ProjectConfigurationPlatforms) = postSolution
		{E5D6F96C-9929-4F4A-B57B-5571279BAF67}.Debug|Any CPU.ActiveCfg = Debug|Any CPU
		{E5D6F96C-9929-4F4A-B57B-5571279BAF67}.Debug|Any CPU.Build.0 = Debug|Any CPU
		{E5D6F96C-9929-4F4A-B57B-5571279BAF67}.Release|Any CPU.ActiveCfg = Release|Any CPU
		{E5D6F96C-9929-4F4A-B57B-5571279BAF67}.Release|Any CPU.Build.0 = Release|Any CPU
		{9C29AD37-6FCF-46EB-9485-91F365F79732}.Debug|Any CPU.ActiveCfg = Debug|Any CPU
		{9C29AD37-6FCF-46EB-9485-91F365F79732}.Debug|Any CPU.Build.0 = Debug|Any CPU
		{9C29AD37-6FCF-46EB-9485-91F365F79732}.Release|Any CPU.ActiveCfg = Release|Any CPU
		{9C29AD37-6FCF-46EB-9485-91F365F79732}.Release|Any CPU.Build.0 = Release|Any CPU
		{B7DF9357-D641-4AF8-984D-06676B101599}.Debug|Any CPU.ActiveCfg = Debug|Any CPU
		{B7DF9357-D641-4AF8-984D-06676B101599}.Debug|Any CPU.Build.0 = Debug|Any CPU
		{B7DF9357-D641-4AF8-984D-06676B101599}.Release|Any CPU.ActiveCfg = Release|Any CPU
		{B7DF9357-D641-4AF8-984D-06676B101599}.Release|Any CPU.Build.0 = Release|Any CPU
	EndGlobalSection
	GlobalSection(SolutionProperties) = preSolution
		HideSolutionNode = FALSE
	EndGlobalSection
	GlobalSection(ExtensibilityGlobals) = postSolution
		SolutionGuid = {6F0E60E0-8D45-4399-AA61-2B01E15D844E}
	EndGlobalSection
EndGlobal
